{
  "version": 4,
  "terraform_version": "1.4.6",
  "serial": 7,
  "lineage": "f810dd21-4ebf-220c-84c2-5dd661832a45",
  "outputs": {},
  "resources": [
    {
      "module": "module.gke_cluster",
      "mode": "managed",
      "type": "google_container_cluster",
      "name": "this",
      "provider": "module.gke_cluster.provider[\"registry.terraform.io/hashicorp/google\"]",
      "instances": [
        {
          "schema_version": 1,
          "attributes": {
            "addons_config": [
              {
                "cloudrun_config": [],
                "config_connector_config": [],
                "dns_cache_config": [],
                "gce_persistent_disk_csi_driver_config": [
                  {
                    "enabled": true
                  }
                ],
                "gcp_filestore_csi_driver_config": [],
                "gke_backup_agent_config": [],
                "horizontal_pod_autoscaling": [],
                "http_load_balancing": [],
                "network_policy_config": [
                  {
                    "disabled": true
                  }
                ]
              }
            ],
            "authenticator_groups_config": [],
            "binary_authorization": [
              {
                "enabled": false,
                "evaluation_mode": ""
              }
            ],
            "cluster_autoscaling": [
              {
                "auto_provisioning_defaults": [],
                "enabled": false,
                "resource_limits": []
              }
            ],
            "cluster_ipv4_cidr": "10.0.0.0/14",
            "confidential_nodes": [],
            "cost_management_config": [],
            "database_encryption": [
              {
                "key_name": "",
                "state": "DECRYPTED"
              }
            ],
            "datapath_provider": "",
            "default_max_pods_per_node": null,
            "default_snat_status": [
              {
                "disabled": false
              }
            ],
            "description": "",
            "dns_config": [],
            "enable_autopilot": false,
            "enable_binary_authorization": false,
            "enable_intranode_visibility": false,
            "enable_kubernetes_alpha": false,
            "enable_l4_ilb_subsetting": false,
            "enable_legacy_abac": false,
            "enable_shielded_nodes": true,
            "enable_tpu": false,
            "endpoint": "34.133.190.104",
            "gateway_api_config": [],
            "id": "projects/telegram-bot-385708/locations/us-central1-c/clusters/main",
            "initial_node_count": 1,
            "ip_allocation_policy": [],
            "label_fingerprint": "a9dc16a7",
            "location": "us-central1-c",
            "logging_config": [
              {
                "enable_components": [
                  "SYSTEM_COMPONENTS",
                  "WORKLOADS"
                ]
              }
            ],
            "logging_service": "logging.googleapis.com/kubernetes",
            "maintenance_policy": [],
            "master_auth": [
              {
                "client_certificate": "",
                "client_certificate_config": [
                  {
                    "issue_client_certificate": false
                  }
                ],
                "client_key": "",
                "cluster_ca_certificate": "LS0tLS1CRUdJTiBDRVJUSUZJQ0FURS0tLS0tCk1JSUVMRENDQXBTZ0F3SUJBZ0lRWTBMcVZ5dlZHWnUxL1d4cGtEcEtnekFOQmdrcWhraUc5dzBCQVFzRkFEQXYKTVMwd0t3WURWUVFERXlRME1UZzVORE14T0Mwd056RmtMVFEwTkdRdE9XVTFOUzAwTjJNellURTVOREpoTVRjdwpJQmNOTWpNd05qSXpNRGt6TlRVeFdoZ1BNakExTXpBMk1UVXhNRE0xTlRGYU1DOHhMVEFyQmdOVkJBTVRKRFF4Ck9EazBNekU0TFRBM01XUXRORFEwWkMwNVpUVTFMVFEzWXpOaE1UazBNbUV4TnpDQ0FhSXdEUVlKS29aSWh2Y04KQVFFQkJRQURnZ0dQQURDQ0FZb0NnZ0dCQUo1RGxna24yWm1BeFBHWnpDcDFRQUNTM3ZpZEVHT0xteUg3YmZKdwo1Sk1RNklGZGIzZHRTTFN3bnNTeWxZT2NDcU9KT1pzOXNOZHVUWENmYnM2dnBmMXNtdk1SaDBPeWVma2RkM3FwCnFBVUYyVHZyR0hYWDF2TCtHVzNpcXhpZ3JNVmZJZzdkSFhjV3pkWWZxQkNsTC9jV1VnYkNLMkxtVFcrb1B1cGIKd1V5bXZoeDgwQmdnanRpZStndEJuVTJpWkNLVVdPK3RMZ0lIUVV0cnRUWm5xZjdWTkdhSjRIT2VDdzA3cHZRQQpvU29XSmp2cWNqSkhHRmtqdExRVXNNNzUwZ1RHWFljc3AzTGdjb0lCbHd5ZDg3VThoUmVWOHFpZ0RVYXczdi9ICkZ1dmhCNWxtcHVCM3dZZWhSNStNRzBaVmR2LzBKL0RpZ0tubHdQc3FTMmc4ODVZa1A5V1VQaFRaOWRNdXNZc0QKMitici9ZYlJhM09saEhEUCtjTzFOcVZ4NU5FQmF0dDRHUVhwNXh4U29zUFcvZ0E4Q01Wb2lZMmo5U1RJVWMzeAozRU4xRkEwYnAvL0cycWoweCtYNFVRS1VNbGg5Q3hiaXZMWEY3a0ZZYU1QTjUzK2U4VVpyS3piWEJlWm42YmVoCkY3TVAvbkNNeG1kMmJsaWdOZVVrWVY4K3ZRSURBUUFCbzBJd1FEQU9CZ05WSFE4QkFmOEVCQU1DQWdRd0R3WUQKVlIwVEFRSC9CQVV3QXdFQi96QWRCZ05WSFE0RUZnUVUwWldCQURVREdyRmdZdEpiYTFKUUlPczZoM2N3RFFZSgpLb1pJaHZjTkFRRUxCUUFEZ2dHQkFDWkVPdW9QZVBoUTlIWVErTW1DV1RPSVFNMjJMREV5SE1NZlRBSTRjNzBnCkVnQ0lxTHpNdzlyR1MwbkhIZFhESkt4OWpZUGVFL3hucGRzQ2Q2KzFCd0Z1OWZjM2FVM1E4eVhNK3lnM3hqY3kKNGNkMkdEcFo3MFluVWpmazhTRkRYeVBZcDdOTzZER2hGc012ZkUxU3JNVFJyV2Z6TkNkV3RVbVRYQ0lxdG1WLwpGNGFkLytOREVUdmlOK2FQMzkrUmRYWWw3SlMrendoMFdFcW5iVUVGbEF2bFY2UzFYMkZua3pqejF0WXY3ZjRwCllSVG9LT0MxNlNqQkx5WmJjZlFKWFpzeFcxNlNzSG0vRytPOVJhN2dyMEcvV3B5UGI4T0Zia3lOR0J1c0huc1gKR1hZTG5KaFF6Q0ZQZmp5dll3YTU2eGh0OUl1S251QjRzSGFsck5wdUo2U1ZteGljQXR3S0YzS1hrNmw1WTQxRApMZi9IQUN6SncwakxHL1d6M2FQbFlpak5sNjluMHdOamZaSlNWaFB1UDFDU3ozR3FHVkF4eDVTSGlnWGkxUWpMClRxc2VxSU9Fd3JtcVJrQnFGdjRDQVFXWUV2RERPQm9XbmY0UjBDSlo4aENRTk15T25QUFRJaDkwRU5lMWZuRFYKNk5NZ3c1UTRYSFR3ak9WY1FaWjk0UT09Ci0tLS0tRU5EIENFUlRJRklDQVRFLS0tLS0K"
              }
            ],
            "master_authorized_networks_config": [],
            "master_version": "1.25.8-gke.1000",
            "mesh_certificates": [],
            "min_master_version": null,
            "monitoring_config": [
              {
                "enable_components": [
                  "SYSTEM_COMPONENTS"
                ],
                "managed_prometheus": []
              }
            ],
            "monitoring_service": "monitoring.googleapis.com/kubernetes",
            "name": "main",
            "network": "projects/telegram-bot-385708/global/networks/default",
            "network_policy": [
              {
                "enabled": false,
                "provider": "PROVIDER_UNSPECIFIED"
              }
            ],
            "networking_mode": "ROUTES",
            "node_config": [],
            "node_locations": [],
            "node_pool": [],
            "node_pool_defaults": [
              {
                "node_config_defaults": [
                  {
                    "logging_variant": "DEFAULT"
                  }
                ]
              }
            ],
            "node_version": "1.25.8-gke.1000",
            "notification_config": [
              {
                "pubsub": [
                  {
                    "enabled": false,
                    "filter": [],
                    "topic": ""
                  }
                ]
              }
            ],
            "operation": null,
            "private_cluster_config": [
              {
                "enable_private_endpoint": false,
                "enable_private_nodes": false,
                "master_global_access_config": [
                  {
                    "enabled": false
                  }
                ],
                "master_ipv4_cidr_block": "",
                "peering_name": "",
                "private_endpoint": "10.128.0.3",
                "private_endpoint_subnetwork": "",
                "public_endpoint": "34.133.190.104"
              }
            ],
            "private_ipv6_google_access": "",
            "project": "telegram-bot-385708",
            "release_channel": [
              {
                "channel": "REGULAR"
              }
            ],
            "remove_default_node_pool": true,
            "resource_labels": null,
            "resource_usage_export_config": [],
            "self_link": "https://container.googleapis.com/v1/projects/telegram-bot-385708/zones/us-central1-c/clusters/main",
            "service_external_ips_config": [
              {
                "enabled": false
              }
            ],
            "services_ipv4_cidr": "10.3.240.0/20",
            "subnetwork": "projects/telegram-bot-385708/regions/us-central1/subnetworks/default",
            "timeouts": null,
            "tpu_ipv4_cidr_block": "",
            "vertical_pod_autoscaling": [],
            "workload_identity_config": [
              {
                "workload_pool": "telegram-bot-385708.svc.id.goog"
              }
            ]
          },
          "sensitive_attributes": [],
          "private": "eyJlMmJmYjczMC1lY2FhLTExZTYtOGY4OC0zNDM2M2JjN2M0YzAiOnsiY3JlYXRlIjoyNDAwMDAwMDAwMDAwLCJkZWxldGUiOjI0MDAwMDAwMDAwMDAsInJlYWQiOjI0MDAwMDAwMDAwMDAsInVwZGF0ZSI6MzYwMDAwMDAwMDAwMH0sInNjaGVtYV92ZXJzaW9uIjoiMSJ9"
        }
      ]
    },
    {
      "module": "module.gke_cluster",
      "mode": "managed",
      "type": "google_container_node_pool",
      "name": "this",
      "provider": "module.gke_cluster.provider[\"registry.terraform.io/hashicorp/google\"]",
      "instances": [
        {
          "schema_version": 1,
          "attributes": {
            "autoscaling": [],
            "cluster": "main",
            "id": "projects/telegram-bot-385708/locations/us-central1-c/clusters/main/nodePools/main",
            "initial_node_count": 2,
            "instance_group_urls": [
              "https://www.googleapis.com/compute/v1/projects/telegram-bot-385708/zones/us-central1-c/instanceGroupManagers/gke-main-main-e47e01a8-grp"
            ],
            "location": "us-central1-c",
            "managed_instance_group_urls": [
              "https://www.googleapis.com/compute/v1/projects/telegram-bot-385708/zones/us-central1-c/instanceGroups/gke-main-main-e47e01a8-grp"
            ],
            "management": [
              {
                "auto_repair": true,
                "auto_upgrade": true
              }
            ],
            "max_pods_per_node": null,
            "name": "main",
            "name_prefix": "",
            "network_config": [
              {
                "create_pod_range": false,
                "enable_private_nodes": false,
                "pod_ipv4_cidr_block": "",
                "pod_range": ""
              }
            ],
            "node_config": [
              {
                "boot_disk_kms_key": "",
                "disk_size_gb": 100,
                "disk_type": "pd-balanced",
                "gcfs_config": [],
                "guest_accelerator": [],
                "gvnic": [],
                "image_type": "COS_CONTAINERD",
                "kubelet_config": [],
                "labels": {},
                "linux_node_config": [],
                "local_ssd_count": 0,
                "logging_variant": "DEFAULT",
                "machine_type": "g1-small",
                "metadata": {
                  "disable-legacy-endpoints": "true"
                },
                "min_cpu_platform": "",
                "node_group": "",
                "oauth_scopes": [
                  "https://www.googleapis.com/auth/devstorage.read_only",
                  "https://www.googleapis.com/auth/logging.write",
                  "https://www.googleapis.com/auth/monitoring",
                  "https://www.googleapis.com/auth/service.management.readonly",
                  "https://www.googleapis.com/auth/servicecontrol",
                  "https://www.googleapis.com/auth/trace.append"
                ],
                "preemptible": false,
                "reservation_affinity": [],
                "resource_labels": null,
                "service_account": "default",
                "shielded_instance_config": [
                  {
                    "enable_integrity_monitoring": true,
                    "enable_secure_boot": false
                  }
                ],
                "spot": false,
                "tags": null,
                "taint": [],
                "workload_metadata_config": [
                  {
                    "mode": "GKE_METADATA"
                  }
                ]
              }
            ],
            "node_count": 2,
            "node_locations": [
              "us-central1-c"
            ],
            "operation": null,
            "placement_policy": [],
            "project": "telegram-bot-385708",
            "timeouts": null,
            "upgrade_settings": [
              {
                "blue_green_settings": [],
                "max_surge": 1,
                "max_unavailable": 0,
                "strategy": "SURGE"
              }
            ],
            "version": "1.25.8-gke.1000"
          },
          "sensitive_attributes": [],
          "private": "eyJlMmJmYjczMC1lY2FhLTExZTYtOGY4OC0zNDM2M2JjN2M0YzAiOnsiY3JlYXRlIjoxODAwMDAwMDAwMDAwLCJkZWxldGUiOjE4MDAwMDAwMDAwMDAsInVwZGF0ZSI6MTgwMDAwMDAwMDAwMH0sInNjaGVtYV92ZXJzaW9uIjoiMSJ9",
          "dependencies": [
            "module.gke_cluster.google_container_cluster.this"
          ]
        }
      ]
    },
    {
      "module": "module.gke_cluster",
      "mode": "managed",
      "type": "local_file",
      "name": "kubeconfig",
      "provider": "provider[\"registry.terraform.io/hashicorp/local\"]",
      "instances": [
        {
          "schema_version": 0,
          "attributes": {
            "content": "apiVersion: v1\nclusters:\n- cluster:\n    certificate-authority-data: LS0tLS1CRUdJTiBDRVJUSUZJQ0FURS0tLS0tCk1JSUVMRENDQXBTZ0F3SUJBZ0lRWTBMcVZ5dlZHWnUxL1d4cGtEcEtnekFOQmdrcWhraUc5dzBCQVFzRkFEQXYKTVMwd0t3WURWUVFERXlRME1UZzVORE14T0Mwd056RmtMVFEwTkdRdE9XVTFOUzAwTjJNellURTVOREpoTVRjdwpJQmNOTWpNd05qSXpNRGt6TlRVeFdoZ1BNakExTXpBMk1UVXhNRE0xTlRGYU1DOHhMVEFyQmdOVkJBTVRKRFF4Ck9EazBNekU0TFRBM01XUXRORFEwWkMwNVpUVTFMVFEzWXpOaE1UazBNbUV4TnpDQ0FhSXdEUVlKS29aSWh2Y04KQVFFQkJRQURnZ0dQQURDQ0FZb0NnZ0dCQUo1RGxna24yWm1BeFBHWnpDcDFRQUNTM3ZpZEVHT0xteUg3YmZKdwo1Sk1RNklGZGIzZHRTTFN3bnNTeWxZT2NDcU9KT1pzOXNOZHVUWENmYnM2dnBmMXNtdk1SaDBPeWVma2RkM3FwCnFBVUYyVHZyR0hYWDF2TCtHVzNpcXhpZ3JNVmZJZzdkSFhjV3pkWWZxQkNsTC9jV1VnYkNLMkxtVFcrb1B1cGIKd1V5bXZoeDgwQmdnanRpZStndEJuVTJpWkNLVVdPK3RMZ0lIUVV0cnRUWm5xZjdWTkdhSjRIT2VDdzA3cHZRQQpvU29XSmp2cWNqSkhHRmtqdExRVXNNNzUwZ1RHWFljc3AzTGdjb0lCbHd5ZDg3VThoUmVWOHFpZ0RVYXczdi9ICkZ1dmhCNWxtcHVCM3dZZWhSNStNRzBaVmR2LzBKL0RpZ0tubHdQc3FTMmc4ODVZa1A5V1VQaFRaOWRNdXNZc0QKMitici9ZYlJhM09saEhEUCtjTzFOcVZ4NU5FQmF0dDRHUVhwNXh4U29zUFcvZ0E4Q01Wb2lZMmo5U1RJVWMzeAozRU4xRkEwYnAvL0cycWoweCtYNFVRS1VNbGg5Q3hiaXZMWEY3a0ZZYU1QTjUzK2U4VVpyS3piWEJlWm42YmVoCkY3TVAvbkNNeG1kMmJsaWdOZVVrWVY4K3ZRSURBUUFCbzBJd1FEQU9CZ05WSFE4QkFmOEVCQU1DQWdRd0R3WUQKVlIwVEFRSC9CQVV3QXdFQi96QWRCZ05WSFE0RUZnUVUwWldCQURVREdyRmdZdEpiYTFKUUlPczZoM2N3RFFZSgpLb1pJaHZjTkFRRUxCUUFEZ2dHQkFDWkVPdW9QZVBoUTlIWVErTW1DV1RPSVFNMjJMREV5SE1NZlRBSTRjNzBnCkVnQ0lxTHpNdzlyR1MwbkhIZFhESkt4OWpZUGVFL3hucGRzQ2Q2KzFCd0Z1OWZjM2FVM1E4eVhNK3lnM3hqY3kKNGNkMkdEcFo3MFluVWpmazhTRkRYeVBZcDdOTzZER2hGc012ZkUxU3JNVFJyV2Z6TkNkV3RVbVRYQ0lxdG1WLwpGNGFkLytOREVUdmlOK2FQMzkrUmRYWWw3SlMrendoMFdFcW5iVUVGbEF2bFY2UzFYMkZua3pqejF0WXY3ZjRwCllSVG9LT0MxNlNqQkx5WmJjZlFKWFpzeFcxNlNzSG0vRytPOVJhN2dyMEcvV3B5UGI4T0Zia3lOR0J1c0huc1gKR1hZTG5KaFF6Q0ZQZmp5dll3YTU2eGh0OUl1S251QjRzSGFsck5wdUo2U1ZteGljQXR3S0YzS1hrNmw1WTQxRApMZi9IQUN6SncwakxHL1d6M2FQbFlpak5sNjluMHdOamZaSlNWaFB1UDFDU3ozR3FHVkF4eDVTSGlnWGkxUWpMClRxc2VxSU9Fd3JtcVJrQnFGdjRDQVFXWUV2RERPQm9XbmY0UjBDSlo4aENRTk15T25QUFRJaDkwRU5lMWZuRFYKNk5NZ3c1UTRYSFR3ak9WY1FaWjk0UT09Ci0tLS0tRU5EIENFUlRJRklDQVRFLS0tLS0K\n    server: https://34.133.190.104\n  name: main\ncontexts:\n- context:\n    cluster: main\n    user: main\n  name: main\ncurrent-context: main\nkind: Config\npreferences: {}\nusers:\n- name: main\n  user:\n    token: ya29.a0AWY7CkmI1SLkgCpq3IPHAwr_JW8uIdYeNJsnOO0rsudrNwYP7thgwK3fjNT3mfnBdyMAWtodf24Us7bWud_dHpIYXhHKiJM9F_kjdsA7V3q6Iq_do7HFYCNpmfwqC_9w45OmS9bnRWttueJeOLZ5d2reR-k0VLsxVIWjFTx7XTi-24GiNH7rXlWc6VSMnK5Nm68tpk3l2rhHBSDjQYiP2Ppwr7P_OWhXNJHjlAUaCgYKARASARASFQG1tDrp3SVotxR1_YfUIKeeDrP4aw0238\n",
            "content_base64": null,
            "content_base64sha256": "7bIc6QQVdfdbV6y+DKe5qmEeWEzQZgVpsNxFj+/HbTY=",
            "content_base64sha512": "bWIFTo8fICS4t0UkVAaIj5QyBJPzmSba+bSHmM/tWNk/oh81I0HtJ9wzZN4ujGVJrtYArcWsJsUNB9NC048UJw==",
            "content_md5": "624655dd6115d395960dc9b0e872ab4d",
            "content_sha1": "4c4e1cef69127b862b0cdedd1370deffef8d1fd7",
            "content_sha256": "edb21ce9041575f75b57acbe0ca7b9aa611e584cd0660569b0dc458fefc76d36",
            "content_sha512": "6d62054e8f1f2024b8b745245406888f94320493f39926daf9b48798cfed58d93fa21f352341ed27dc3364de2e8c6549aed600adc5ac26c50d07d342d38f1427",
            "directory_permission": "0777",
            "file_permission": "0400",
            "filename": ".terraform/modules/gke_cluster/kubeconfig",
            "id": "4c4e1cef69127b862b0cdedd1370deffef8d1fd7",
            "sensitive_content": null,
            "source": null
          },
          "sensitive_attributes": [
            [
              {
                "type": "get_attr",
                "value": "content"
              }
            ]
          ],
          "dependencies": [
            "module.gke_cluster.google_container_cluster.this",
            "module.gke_cluster.module.gke_auth.data.google_client_config.provider",
            "module.gke_cluster.module.gke_auth.data.google_container_cluster.gke_cluster"
          ]
        }
      ]
    },
    {
      "module": "module.gke_cluster.module.gke_auth",
      "mode": "data",
      "type": "google_client_config",
      "name": "provider",
      "provider": "module.gke_cluster.provider[\"registry.terraform.io/hashicorp/google\"]",
      "instances": [
        {
          "schema_version": 0,
          "attributes": {
            "access_token": "ya29.a0AWY7CkmI1SLkgCpq3IPHAwr_JW8uIdYeNJsnOO0rsudrNwYP7thgwK3fjNT3mfnBdyMAWtodf24Us7bWud_dHpIYXhHKiJM9F_kjdsA7V3q6Iq_do7HFYCNpmfwqC_9w45OmS9bnRWttueJeOLZ5d2reR-k0VLsxVIWjFTx7XTi-24GiNH7rXlWc6VSMnK5Nm68tpk3l2rhHBSDjQYiP2Ppwr7P_OWhXNJHjlAUaCgYKARASARASFQG1tDrp3SVotxR1_YfUIKeeDrP4aw0238",
            "id": "projects/telegram-bot-385708/regions/us-central1-c/zones/",
            "project": "telegram-bot-385708",
            "region": "us-central1-c",
            "zone": ""
          },
          "sensitive_attributes": []
        }
      ]
    },
    {
      "module": "module.gke_cluster.module.gke_auth",
      "mode": "data",
      "type": "google_container_cluster",
      "name": "gke_cluster",
      "provider": "module.gke_cluster.provider[\"registry.terraform.io/hashicorp/google\"]",
      "instances": [
        {
          "schema_version": 0,
          "attributes": {
            "addons_config": [
              {
                "cloudrun_config": [],
                "config_connector_config": [],
                "dns_cache_config": [],
                "gce_persistent_disk_csi_driver_config": [
                  {
                    "enabled": true
                  }
                ],
                "gcp_filestore_csi_driver_config": [],
                "gke_backup_agent_config": [],
                "horizontal_pod_autoscaling": [],
                "http_load_balancing": [],
                "network_policy_config": [
                  {
                    "disabled": true
                  }
                ]
              }
            ],
            "authenticator_groups_config": [],
            "binary_authorization": [
              {
                "enabled": false,
                "evaluation_mode": ""
              }
            ],
            "cluster_autoscaling": [
              {
                "auto_provisioning_defaults": [],
                "enabled": false,
                "resource_limits": []
              }
            ],
            "cluster_ipv4_cidr": "10.0.0.0/14",
            "confidential_nodes": [],
            "cost_management_config": [],
            "database_encryption": [
              {
                "key_name": "",
                "state": "DECRYPTED"
              }
            ],
            "datapath_provider": "",
            "default_max_pods_per_node": null,
            "default_snat_status": [
              {
                "disabled": false
              }
            ],
            "description": "",
            "dns_config": [],
            "enable_autopilot": false,
            "enable_binary_authorization": false,
            "enable_intranode_visibility": false,
            "enable_kubernetes_alpha": false,
            "enable_l4_ilb_subsetting": false,
            "enable_legacy_abac": false,
            "enable_shielded_nodes": true,
            "enable_tpu": false,
            "endpoint": "34.133.190.104",
            "gateway_api_config": [],
            "id": "projects/telegram-bot-385708/locations/us-central1-c/clusters/main",
            "initial_node_count": 1,
            "ip_allocation_policy": [],
            "label_fingerprint": "a9dc16a7",
            "location": "us-central1-c",
            "logging_config": [
              {
                "enable_components": [
                  "SYSTEM_COMPONENTS",
                  "WORKLOADS"
                ]
              }
            ],
            "logging_service": "logging.googleapis.com/kubernetes",
            "maintenance_policy": [],
            "master_auth": [
              {
                "client_certificate": "",
                "client_certificate_config": [
                  {
                    "issue_client_certificate": false
                  }
                ],
                "client_key": "",
                "cluster_ca_certificate": "LS0tLS1CRUdJTiBDRVJUSUZJQ0FURS0tLS0tCk1JSUVMRENDQXBTZ0F3SUJBZ0lRWTBMcVZ5dlZHWnUxL1d4cGtEcEtnekFOQmdrcWhraUc5dzBCQVFzRkFEQXYKTVMwd0t3WURWUVFERXlRME1UZzVORE14T0Mwd056RmtMVFEwTkdRdE9XVTFOUzAwTjJNellURTVOREpoTVRjdwpJQmNOTWpNd05qSXpNRGt6TlRVeFdoZ1BNakExTXpBMk1UVXhNRE0xTlRGYU1DOHhMVEFyQmdOVkJBTVRKRFF4Ck9EazBNekU0TFRBM01XUXRORFEwWkMwNVpUVTFMVFEzWXpOaE1UazBNbUV4TnpDQ0FhSXdEUVlKS29aSWh2Y04KQVFFQkJRQURnZ0dQQURDQ0FZb0NnZ0dCQUo1RGxna24yWm1BeFBHWnpDcDFRQUNTM3ZpZEVHT0xteUg3YmZKdwo1Sk1RNklGZGIzZHRTTFN3bnNTeWxZT2NDcU9KT1pzOXNOZHVUWENmYnM2dnBmMXNtdk1SaDBPeWVma2RkM3FwCnFBVUYyVHZyR0hYWDF2TCtHVzNpcXhpZ3JNVmZJZzdkSFhjV3pkWWZxQkNsTC9jV1VnYkNLMkxtVFcrb1B1cGIKd1V5bXZoeDgwQmdnanRpZStndEJuVTJpWkNLVVdPK3RMZ0lIUVV0cnRUWm5xZjdWTkdhSjRIT2VDdzA3cHZRQQpvU29XSmp2cWNqSkhHRmtqdExRVXNNNzUwZ1RHWFljc3AzTGdjb0lCbHd5ZDg3VThoUmVWOHFpZ0RVYXczdi9ICkZ1dmhCNWxtcHVCM3dZZWhSNStNRzBaVmR2LzBKL0RpZ0tubHdQc3FTMmc4ODVZa1A5V1VQaFRaOWRNdXNZc0QKMitici9ZYlJhM09saEhEUCtjTzFOcVZ4NU5FQmF0dDRHUVhwNXh4U29zUFcvZ0E4Q01Wb2lZMmo5U1RJVWMzeAozRU4xRkEwYnAvL0cycWoweCtYNFVRS1VNbGg5Q3hiaXZMWEY3a0ZZYU1QTjUzK2U4VVpyS3piWEJlWm42YmVoCkY3TVAvbkNNeG1kMmJsaWdOZVVrWVY4K3ZRSURBUUFCbzBJd1FEQU9CZ05WSFE4QkFmOEVCQU1DQWdRd0R3WUQKVlIwVEFRSC9CQVV3QXdFQi96QWRCZ05WSFE0RUZnUVUwWldCQURVREdyRmdZdEpiYTFKUUlPczZoM2N3RFFZSgpLb1pJaHZjTkFRRUxCUUFEZ2dHQkFDWkVPdW9QZVBoUTlIWVErTW1DV1RPSVFNMjJMREV5SE1NZlRBSTRjNzBnCkVnQ0lxTHpNdzlyR1MwbkhIZFhESkt4OWpZUGVFL3hucGRzQ2Q2KzFCd0Z1OWZjM2FVM1E4eVhNK3lnM3hqY3kKNGNkMkdEcFo3MFluVWpmazhTRkRYeVBZcDdOTzZER2hGc012ZkUxU3JNVFJyV2Z6TkNkV3RVbVRYQ0lxdG1WLwpGNGFkLytOREVUdmlOK2FQMzkrUmRYWWw3SlMrendoMFdFcW5iVUVGbEF2bFY2UzFYMkZua3pqejF0WXY3ZjRwCllSVG9LT0MxNlNqQkx5WmJjZlFKWFpzeFcxNlNzSG0vRytPOVJhN2dyMEcvV3B5UGI4T0Zia3lOR0J1c0huc1gKR1hZTG5KaFF6Q0ZQZmp5dll3YTU2eGh0OUl1S251QjRzSGFsck5wdUo2U1ZteGljQXR3S0YzS1hrNmw1WTQxRApMZi9IQUN6SncwakxHL1d6M2FQbFlpak5sNjluMHdOamZaSlNWaFB1UDFDU3ozR3FHVkF4eDVTSGlnWGkxUWpMClRxc2VxSU9Fd3JtcVJrQnFGdjRDQVFXWUV2RERPQm9XbmY0UjBDSlo4aENRTk15T25QUFRJaDkwRU5lMWZuRFYKNk5NZ3c1UTRYSFR3ak9WY1FaWjk0UT09Ci0tLS0tRU5EIENFUlRJRklDQVRFLS0tLS0K"
              }
            ],
            "master_authorized_networks_config": [],
            "master_version": "1.25.8-gke.1000",
            "mesh_certificates": [],
            "min_master_version": null,
            "monitoring_config": [
              {
                "enable_components": [
                  "SYSTEM_COMPONENTS"
                ],
                "managed_prometheus": []
              }
            ],
            "monitoring_service": "monitoring.googleapis.com/kubernetes",
            "name": "main",
            "network": "projects/telegram-bot-385708/global/networks/default",
            "network_policy": [
              {
                "enabled": false,
                "provider": "PROVIDER_UNSPECIFIED"
              }
            ],
            "networking_mode": "ROUTES",
            "node_config": [],
            "node_locations": [],
            "node_pool": [],
            "node_pool_defaults": [
              {
                "node_config_defaults": [
                  {
                    "logging_variant": "DEFAULT"
                  }
                ]
              }
            ],
            "node_version": "1.25.8-gke.1000",
            "notification_config": [
              {
                "pubsub": [
                  {
                    "enabled": false,
                    "filter": [],
                    "topic": ""
                  }
                ]
              }
            ],
            "operation": null,
            "private_cluster_config": [
              {
                "enable_private_endpoint": false,
                "enable_private_nodes": false,
                "master_global_access_config": [
                  {
                    "enabled": false
                  }
                ],
                "master_ipv4_cidr_block": "",
                "peering_name": "",
                "private_endpoint": "10.128.0.3",
                "private_endpoint_subnetwork": "",
                "public_endpoint": "34.133.190.104"
              }
            ],
            "private_ipv6_google_access": "",
            "project": "telegram-bot-385708",
            "release_channel": [
              {
                "channel": "REGULAR"
              }
            ],
            "remove_default_node_pool": null,
            "resource_labels": {},
            "resource_usage_export_config": [],
            "self_link": "https://container.googleapis.com/v1/projects/telegram-bot-385708/zones/us-central1-c/clusters/main",
            "service_external_ips_config": [
              {
                "enabled": false
              }
            ],
            "services_ipv4_cidr": "10.3.240.0/20",
            "subnetwork": "projects/telegram-bot-385708/regions/us-central1/subnetworks/default",
            "tpu_ipv4_cidr_block": "",
            "vertical_pod_autoscaling": [],
            "workload_identity_config": [
              {
                "workload_pool": "telegram-bot-385708.svc.id.goog"
              }
            ]
          },
          "sensitive_attributes": []
        }
      ]
    }
  ],
  "check_results": null
}
